
Microsoft Visual Studio Solution File, Format Version 12.00
# Visual Studio Version 17
VisualStudioVersion = 17.2.32526.322
MinimumVisualStudioVersion = 10.0.40219.1
Project("{FAE04EC0-301F-11D3-BF4B-00C04F79EFBC}") = "r-place-api", "r-place-api.csproj", "{137B32E1-D1FD-4CDC-9C0F-4044CD2C9EEE}"
EndProject
Global
	GlobalSection(SolutionConfigurationPlatforms) = preSolution
		Debug|Any CPU = Debug|Any CPU
		Release|Any CPU = Release|Any CPU
	EndGlobalSection
	GlobalSection(ProjectConfigurationPlatforms) = postSolution
		{137B32E1-D1FD-4CDC-9C0F-4044CD2C9EEE}.Debug|Any CPU.ActiveCfg = Debug|Any CPU
		{137B32E1-D1FD-4CDC-9C0F-4044CD2C9EEE}.Debug|Any CPU.Build.0 = Debug|Any CPU
		{137B32E1-D1FD-4CDC-9C0F-4044CD2C9EEE}.Release|Any CPU.ActiveCfg = Release|Any CPU
		{137B32E1-D1FD-4CDC-9C0F-4044CD2C9EEE}.Release|Any CPU.Build.0 = Release|Any CPU
	EndGlobalSection
	GlobalSection(SolutionProperties) = preSolution
		HideSolutionNode = FALSE
	EndGlobalSection
	GlobalSection(ExtensibilityGlobals) = postSolution
		SolutionGuid = {3C5996F6-2997-4A55-8BB4-6D3C9C541AA2}
	EndGlobalSection
EndGlobal
